
Microsoft Visual Studio Solution File, Format Version 12.00
# Visual Studio 2012
Project("{8BC9CEB8-8B4A-11D0-8D11-00A0C91BC942}") = "Util", "Util\Util.vcxproj", "{B586C1B1-F84B-441D-B7B1-07096F8E7A04}"
EndProject
Project("{8BC9CEB8-8B4A-11D0-8D11-00A0C91BC942}") = "MediaPlay", "MediaPlay\BloomPlus.vcxproj", "{7FEB3BFC-267C-4748-8CEA-272883B8FE7D}"
	ProjectSection(ProjectDependencies) = postProject
		{1A42AE99-83EA-4ED7-BF01-BA16D8560951} = {1A42AE99-83EA-4ED7-BF01-BA16D8560951}
		{B586C1B1-F84B-441D-B7B1-07096F8E7A04} = {B586C1B1-F84B-441D-B7B1-07096F8E7A04}
	EndProjectSection
EndProject
Project("{8BC9CEB8-8B4A-11D0-8D11-00A0C91BC942}") = "AVILib", "AVILib\AVILib.vcxproj", "{1A42AE99-83EA-4ED7-BF01-BA16D8560951}"
EndProject
Global
	GlobalSection(SolutionConfigurationPlatforms) = preSolution
		Debug|Win32 = Debug|Win32
		Release|Win32 = Release|Win32
	EndGlobalSection
	GlobalSection(ProjectConfigurationPlatforms) = postSolution
		{B586C1B1-F84B-441D-B7B1-07096F8E7A04}.Debug|Win32.ActiveCfg = Debug|Win32
		{B586C1B1-F84B-441D-B7B1-07096F8E7A04}.Debug|Win32.Build.0 = Debug|Win32
		{B586C1B1-F84B-441D-B7B1-07096F8E7A04}.Release|Win32.ActiveCfg = Release|Win32
		{B586C1B1-F84B-441D-B7B1-07096F8E7A04}.Release|Win32.Build.0 = Release|Win32
		{7FEB3BFC-267C-4748-8CEA-272883B8FE7D}.Debug|Win32.ActiveCfg = Debug|Win32
		{7FEB3BFC-267C-4748-8CEA-272883B8FE7D}.Debug|Win32.Build.0 = Debug|Win32
		{7FEB3BFC-267C-4748-8CEA-272883B8FE7D}.Release|Win32.ActiveCfg = Release|Win32
		{7FEB3BFC-267C-4748-8CEA-272883B8FE7D}.Release|Win32.Build.0 = Release|Win32
		{1A42AE99-83EA-4ED7-BF01-BA16D8560951}.Debug|Win32.ActiveCfg = Debug|Win32
		{1A42AE99-83EA-4ED7-BF01-BA16D8560951}.Debug|Win32.Build.0 = Debug|Win32
		{1A42AE99-83EA-4ED7-BF01-BA16D8560951}.Release|Win32.ActiveCfg = Release|Win32
		{1A42AE99-83EA-4ED7-BF01-BA16D8560951}.Release|Win32.Build.0 = Release|Win32
	EndGlobalSection
	GlobalSection(SolutionProperties) = preSolution
		HideSolutionNode = FALSE
	EndGlobalSection
EndGlobal
